
Microsoft Visual Studio Solution File, Format Version 12.00
# Visual Studio Version 17
VisualStudioVersion = 17.11.35312.102
MinimumVisualStudioVersion = 10.0.40219.1
Project("{FAE04EC0-301F-11D3-BF4B-00C04F79EFBC}") = "DZ", "DZ.csproj", "{911D3A13-DFAD-4FFE-A205-F3C639F5750A}"
EndProject
Global
	GlobalSection(SolutionConfigurationPlatforms) = preSolution
		Debug|Any CPU = Debug|Any CPU
		Release|Any CPU = Release|Any CPU
	EndGlobalSection
	GlobalSection(ProjectConfigurationPlatforms) = postSolution
		{911D3A13-DFAD-4FFE-A205-F3C639F5750A}.Debug|Any CPU.ActiveCfg = Debug|Any CPU
		{911D3A13-DFAD-4FFE-A205-F3C639F5750A}.Debug|Any CPU.Build.0 = Debug|Any CPU
		{911D3A13-DFAD-4FFE-A205-F3C639F5750A}.Release|Any CPU.ActiveCfg = Release|Any CPU
		{911D3A13-DFAD-4FFE-A205-F3C639F5750A}.Release|Any CPU.Build.0 = Release|Any CPU
	EndGlobalSection
	GlobalSection(SolutionProperties) = preSolution
		HideSolutionNode = FALSE
	EndGlobalSection
	GlobalSection(ExtensibilityGlobals) = postSolution
		SolutionGuid = {E4442D7D-BB8A-450B-A903-58AAE7B02ABD}
	EndGlobalSection
EndGlobal
